// !$*UTF8*$!
{
	archiveVersion = 1;
	classes = {
	};
	objectVersion = 50;
	objects = {

/* Begin PBXBuildFile section */
		0F5D24BD25312068000C86F4 /* AppDelegate.swift in Sources */ = {isa = PBXBuildFile; fileRef = 0F5D24BC25312068000C86F4 /* AppDelegate.swift */; };
		0F5D24BF25312068000C86F4 /* SceneDelegate.swift in Sources */ = {isa = PBXBuildFile; fileRef = 0F5D24BE25312068000C86F4 /* SceneDelegate.swift */; };
		0F5D24C125312068000C86F4 /* FuncionarioVC.swift in Sources */ = {isa = PBXBuildFile; fileRef = 0F5D24C025312068000C86F4 /* FuncionarioVC.swift */; };
		0F5D24C425312068000C86F4 /* Main.storyboard in Resources */ = {isa = PBXBuildFile; fileRef = 0F5D24C225312068000C86F4 /* Main.storyboard */; };
		0F5D24C62531206B000C86F4 /* Assets.xcassets in Resources */ = {isa = PBXBuildFile; fileRef = 0F5D24C52531206B000C86F4 /* Assets.xcassets */; };
		0F5D24C92531206B000C86F4 /* LaunchScreen.storyboard in Resources */ = {isa = PBXBuildFile; fileRef = 0F5D24C72531206B000C86F4 /* LaunchScreen.storyboard */; };
		0F5D24D325312136000C86F4 /* FuncionarioTableViewCell.swift in Sources */ = {isa = PBXBuildFile; fileRef = 0F5D24D125312136000C86F4 /* FuncionarioTableViewCell.swift */; };
		0F5D24D425312136000C86F4 /* FuncionarioTableViewCell.xib in Resources */ = {isa = PBXBuildFile; fileRef = 0F5D24D225312136000C86F4 /* FuncionarioTableViewCell.xib */; };
		0F5D24D825312468000C86F4 /* Funcionario.swift in Sources */ = {isa = PBXBuildFile; fileRef = 0F5D24D725312468000C86F4 /* Funcionario.swift */; };
		0F6CCF2925392BC90034AEE7 /* DetalheVC.swift in Sources */ = {isa = PBXBuildFile; fileRef = 0F6CCF2825392BC90034AEE7 /* DetalheVC.swift */; };
		0F6CCF3825395B790034AEE7 /* NovoFuncionarioVC.swift in Sources */ = {isa = PBXBuildFile; fileRef = 0F6CCF3725395B790034AEE7 /* NovoFuncionarioVC.swift */; };
/* End PBXBuildFile section */

/* Begin PBXFileReference section */
		0F5D24B925312068000C86F4 /* usuario.app */ = {isa = PBXFileReference; explicitFileType = wrapper.application; includeInIndex = 0; path = usuario.app; sourceTree = BUILT_PRODUCTS_DIR; };
		0F5D24BC25312068000C86F4 /* AppDelegate.swift */ = {isa = PBXFileReference; lastKnownFileType = sourcecode.swift; path = AppDelegate.swift; sourceTree = "<group>"; };
		0F5D24BE25312068000C86F4 /* SceneDelegate.swift */ = {isa = PBXFileReference; lastKnownFileType = sourcecode.swift; path = SceneDelegate.swift; sourceTree = "<group>"; };
		0F5D24C025312068000C86F4 /* FuncionarioVC.swift */ = {isa = PBXFileReference; lastKnownFileType = sourcecode.swift; path = FuncionarioVC.swift; sourceTree = "<group>"; };
		0F5D24C325312068000C86F4 /* Base */ = {isa = PBXFileReference; lastKnownFileType = file.storyboard; name = Base; path = Base.lproj/Main.storyboard; sourceTree = "<group>"; };
		0F5D24C52531206B000C86F4 /* Assets.xcassets */ = {isa = PBXFileReference; lastKnownFileType = folder.assetcatalog; path = Assets.xcassets; sourceTree = "<group>"; };
		0F5D24C82531206B000C86F4 /* Base */ = {isa = PBXFileReference; lastKnownFileType = file.storyboard; name = Base; path = Base.lproj/LaunchScreen.storyboard; sourceTree = "<group>"; };
		0F5D24CA2531206B000C86F4 /* Info.plist */ = {isa = PBXFileReference; lastKnownFileType = text.plist.xml; path = Info.plist; sourceTree = "<group>"; };
		0F5D24D125312136000C86F4 /* FuncionarioTableViewCell.swift */ = {isa = PBXFileReference; lastKnownFileType = sourcecode.swift; path = FuncionarioTableViewCell.swift; sourceTree = "<group>"; };
		0F5D24D225312136000C86F4 /* FuncionarioTableViewCell.xib */ = {isa = PBXFileReference; lastKnownFileType = file.xib; path = FuncionarioTableViewCell.xib; sourceTree = "<group>"; };
		0F5D24D725312468000C86F4 /* Funcionario.swift */ = {isa = PBXFileReference; lastKnownFileType = sourcecode.swift; path = Funcionario.swift; sourceTree = "<group>"; };
		0F6CCF2825392BC90034AEE7 /* DetalheVC.swift */ = {isa = PBXFileReference; lastKnownFileType = sourcecode.swift; path = DetalheVC.swift; sourceTree = "<group>"; };
		0F6CCF3725395B790034AEE7 /* NovoFuncionarioVC.swift */ = {isa = PBXFileReference; lastKnownFileType = sourcecode.swift; path = NovoFuncionarioVC.swift; sourceTree = "<group>"; };
/* End PBXFileReference section */

/* Begin PBXFrameworksBuildPhase section */
		0F5D24B625312068000C86F4 /* Frameworks */ = {
			isa = PBXFrameworksBuildPhase;
			buildActionMask = 2147483647;
			files = (
			);
			runOnlyForDeploymentPostprocessing = 0;
		};
/* End PBXFrameworksBuildPhase section */

/* Begin PBXGroup section */
		0F585F4C25313E8900236DBD /* View */ = {
			isa = PBXGroup;
			children = (
				0F5D24D125312136000C86F4 /* FuncionarioTableViewCell.swift */,
				0F5D24D225312136000C86F4 /* FuncionarioTableViewCell.xib */,
			);
			path = View;
			sourceTree = "<group>";
		};
		0F5D24B025312068000C86F4 = {
			isa = PBXGroup;
			children = (
				0F5D24BB25312068000C86F4 /* usuario */,
				0F5D24BA25312068000C86F4 /* Products */,
			);
			sourceTree = "<group>";
		};
		0F5D24BA25312068000C86F4 /* Products */ = {
			isa = PBXGroup;
			children = (
				0F5D24B925312068000C86F4 /* usuario.app */,
			);
			name = Products;
			sourceTree = "<group>";
		};
		0F5D24BB25312068000C86F4 /* usuario */ = {
			isa = PBXGroup;
			children = (
				0F585F4C25313E8900236DBD /* View */,
				0F5D24D62531242D000C86F4 /* Models */,
				0F5D24BC25312068000C86F4 /* AppDelegate.swift */,
				0F5D24BE25312068000C86F4 /* SceneDelegate.swift */,
				0F5D24C025312068000C86F4 /* FuncionarioVC.swift */,
				0F6CCF2825392BC90034AEE7 /* DetalheVC.swift */,
				0F6CCF3725395B790034AEE7 /* NovoFuncionarioVC.swift */,
				0F5D24C225312068000C86F4 /* Main.storyboard */,
				0F5D24C52531206B000C86F4 /* Assets.xcassets */,
				0F5D24C72531206B000C86F4 /* LaunchScreen.storyboard */,
				0F5D24CA2531206B000C86F4 /* Info.plist */,
			);
			path = usuario;
			sourceTree = "<group>";
		};
		0F5D24D62531242D000C86F4 /* Models */ = {
			isa = PBXGroup;
			children = (
				0F5D24D725312468000C86F4 /* Funcionario.swift */,
			);
			path = Models;
			sourceTree = "<group>";
		};
/* End PBXGroup section */

/* Begin PBXNativeTarget section */
		0F5D24B825312068000C86F4 /* usuario */ = {
			isa = PBXNativeTarget;
			buildConfigurationList = 0F5D24CD2531206B000C86F4 /* Build configuration list for PBXNativeTarget "usuario" */;
			buildPhases = (
				0F5D24B525312068000C86F4 /* Sources */,
				0F5D24B625312068000C86F4 /* Frameworks */,
				0F5D24B725312068000C86F4 /* Resources */,
			);
			buildRules = (
			);
			dependencies = (
			);
			name = usuario;
			productName = usuario;
			productReference = 0F5D24B925312068000C86F4 /* usuario.app */;
			productType = "com.apple.product-type.application";
		};
/* End PBXNativeTarget section */

/* Begin PBXProject section */
		0F5D24B125312068000C86F4 /* Project object */ = {
			isa = PBXProject;
			attributes = {
				LastSwiftUpdateCheck = 1200;
				LastUpgradeCheck = 1200;
				TargetAttributes = {
					0F5D24B825312068000C86F4 = {
						CreatedOnToolsVersion = 12.0.1;
					};
				};
			};
			buildConfigurationList = 0F5D24B425312068000C86F4 /* Build configuration list for PBXProject "usuarioTeste" */;
			compatibilityVersion = "Xcode 9.3";
			developmentRegion = en;
			hasScannedForEncodings = 0;
			knownRegions = (
				en,
				Base,
			);
			mainGroup = 0F5D24B025312068000C86F4;
			productRefGroup = 0F5D24BA25312068000C86F4 /* Products */;
			projectDirPath = "";
			projectRoot = "";
			targets = (
				0F5D24B825312068000C86F4 /* usuario */,
			);
		};
/* End PBXProject section */

/* Begin PBXResourcesBuildPhase section */
		0F5D24B725312068000C86F4 /* Resources */ = {
			isa = PBXResourcesBuildPhase;
			buildActionMask = 2147483647;
			files = (
				0F5D24D425312136000C86F4 /* FuncionarioTableViewCell.xib in Resources */,
				0F5D24C92531206B000C86F4 /* LaunchScreen.storyboard in Resources */,
				0F5D24C62531206B000C86F4 /* Assets.xcassets in Resources */,
				0F5D24C425312068000C86F4 /* Main.storyboard in Resources */,
			);
			runOnlyForDeploymentPostprocessing = 0;
		};
/* End PBXResourcesBuildPhase section */

/* Begin PBXSourcesBuildPhase section */
		0F5D24B525312068000C86F4 /* Sources */ = {
			isa = PBXSourcesBuildPhase;
			buildActionMask = 2147483647;
			files = (
				0F5D24D325312136000C86F4 /* FuncionarioTableViewCell.swift in Sources */,
				0F5D24D825312468000C86F4 /* Funcionario.swift in Sources */,
				0F5D24C125312068000C86F4 /* FuncionarioVC.swift in Sources */,
				0F5D24BD25312068000C86F4 /* AppDelegate.swift in Sources */,
				0F6CCF2925392BC90034AEE7 /* DetalheVC.swift in Sources */,
				0F5D24BF25312068000C86F4 /* SceneDelegate.swift in Sources */,
				0F6CCF3825395B790034AEE7 /* NovoFuncionarioVC.swift in Sources */,
			);
			runOnlyForDeploymentPostprocessing = 0;
		};
/* End PBXSourcesBuildPhase section */

/* Begin PBXVariantGroup section */
		0F5D24C225312068000C86F4 /* Main.storyboard */ = {
			isa = PBXVariantGroup;
			children = (
				0F5D24C325312068000C86F4 /* Base */,
			);
			name = Main.storyboard;
			sourceTree = "<group>";
		};
		0F5D24C72531206B000C86F4 /* LaunchScreen.storyboard */ = {
			isa = PBXVariantGroup;
			children = (
				0F5D24C82531206B000C86F4 /* Base */,
			);
			name = LaunchScreen.storyboard;
			sourceTree = "<group>";
		};
/* End PBXVariantGroup section */

/* Begin XCBuildConfiguration section */
		0F5D24CB2531206B000C86F4 /* Debug */ = {
			isa = XCBuildConfiguration;
			buildSettings = {
				ALWAYS_SEARCH_USER_PATHS = NO;
				CLANG_ANALYZER_NONNULL = YES;
				CLANG_ANALYZER_NUMBER_OBJECT_CONVERSION = YES_AGGRESSIVE;
				CLANG_CXX_LANGUAGE_STANDARD = "gnu++14";
				CLANG_CXX_LIBRARY = "libc++";
				CLANG_ENABLE_MODULES = YES;
				CLANG_ENABLE_OBJC_ARC = YES;
				CLANG_ENABLE_OBJC_WEAK = YES;
				CLANG_WARN_BLOCK_CAPTURE_AUTORELEASING = YES;
				CLANG_WARN_BOOL_CONVERSION = YES;
				CLANG_WARN_COMMA = YES;
				CLANG_WARN_CONSTANT_CONVERSION = YES;
				CLANG_WARN_DEPRECATED_OBJC_IMPLEMENTATIONS = YES;
				CLANG_WARN_DIRECT_OBJC_ISA_USAGE = YES_ERROR;
				CLANG_WARN_DOCUMENTATION_COMMENTS = YES;
				CLANG_WARN_EMPTY_BODY = YES;
				CLANG_WARN_ENUM_CONVERSION = YES;
				CLANG_WARN_INFINITE_RECURSION = YES;
				CLANG_WARN_INT_CONVERSION = YES;
				CLANG_WARN_NON_LITERAL_NULL_CONVERSION = YES;
				CLANG_WARN_OBJC_IMPLICIT_RETAIN_SELF = YES;
				CLANG_WARN_OBJC_LITERAL_CONVERSION = YES;
				CLANG_WARN_OBJC_ROOT_CLASS = YES_ERROR;
				CLANG_WARN_QUOTED_INCLUDE_IN_FRAMEWORK_HEADER = YES;
				CLANG_WARN_RANGE_LOOP_ANALYSIS = YES;
				CLANG_WARN_STRICT_PROTOTYPES = YES;
				CLANG_WARN_SUSPICIOUS_MOVE = YES;
				CLANG_WARN_UNGUARDED_AVAILABILITY = YES_AGGRESSIVE;
				CLANG_WARN_UNREACHABLE_CODE = YES;
				CLANG_WARN__DUPLICATE_METHOD_MATCH = YES;
				COPY_PHASE_STRIP = NO;
				DEBUG_INFORMATION_FORMAT = dwarf;
				ENABLE_STRICT_OBJC_MSGSEND = YES;
				ENABLE_TESTABILITY = YES;
				GCC_C_LANGUAGE_STANDARD = gnu11;
				GCC_DYNAMIC_NO_PIC = NO;
				GCC_NO_COMMON_BLOCKS = YES;
				GCC_OPTIMIZATION_LEVEL = 0;
				GCC_PREPROCESSOR_DEFINITIONS = (
					"DEBUG=1",
					"$(inherited)",
				);
				GCC_WARN_64_TO_32_BIT_CONVERSION = YES;
				GCC_WARN_ABOUT_RETURN_TYPE = YES_ERROR;
				GCC_WARN_UNDECLARED_SELECTOR = YES;
				GCC_WARN_UNINITIALIZED_AUTOS = YES_AGGRESSIVE;
				GCC_WARN_UNUSED_FUNCTION = YES;
				GCC_WARN_UNUSED_VARIABLE = YES;
				IPHONEOS_DEPLOYMENT_TARGET = 14.0;
				MTL_ENABLE_DEBUG_INFO = INCLUDE_SOURCE;
				MTL_FAST_MATH = YES;
				ONLY_ACTIVE_ARCH = YES;
				SDKROOT = iphoneos;
				SWIFT_ACTIVE_COMPILATION_CONDITIONS = DEBUG;
				SWIFT_OPTIMIZATION_LEVEL = "-Onone";
			};
			name = Debug;
		};
		0F5D24CC2531206B000C86F4 /* Release */ = {
			isa = XCBuildConfiguration;
			buildSettings = {
				ALWAYS_SEARCH_USER_PATHS = NO;
				CLANG_ANALYZER_NONNULL = YES;
				CLANG_ANALYZER_NUMBER_OBJECT_CONVERSION = YES_AGGRESSIVE;
				CLANG_CXX_LANGUAGE_STANDARD = "gnu++14";
				CLANG_CXX_LIBRARY = "libc++";
				CLANG_ENABLE_MODULES = YES;
				CLANG_ENABLE_OBJC_ARC = YES;
				CLANG_ENABLE_OBJC_WEAK = YES;
				CLANG_WARN_BLOCK_CAPTURE_AUTORELEASING = YES;
				CLANG_WARN_BOOL_CONVERSION = YES;
				CLANG_WARN_COMMA = YES;
				CLANG_WARN_CONSTANT_CONVERSION = YES;
				CLANG_WARN_DEPRECATED_OBJC_IMPLEMENTATIONS = YES;
				CLANG_WARN_DIRECT_OBJC_ISA_USAGE = YES_ERROR;
				CLANG_WARN_DOCUMENTATION_COMMENTS = YES;
				CLANG_WARN_EMPTY_BODY = YES;
				CLANG_WARN_ENUM_CONVERSION = YES;
				CLANG_WARN_INFINITE_RECURSION = YES;
				CLANG_WARN_INT_CONVERSION = YES;
				CLANG_WARN_NON_LITERAL_NULL_CONVERSION = YES;
				CLANG_WARN_OBJC_IMPLICIT_RETAIN_SELF = YES;
				CLANG_WARN_OBJC_LITERAL_CONVERSION = YES;
				CLANG_WARN_OBJC_ROOT_CLASS = YES_ERROR;
				CLANG_WARN_QUOTED_INCLUDE_IN_FRAMEWORK_HEADER = YES;
				CLANG_WARN_RANGE_LOOP_ANALYSIS = YES;
				CLANG_WARN_STRICT_PROTOTYPES = YES;
				CLANG_WARN_SUSPICIOUS_MOVE = YES;
				CLANG_WARN_UNGUARDED_AVAILABILITY = YES_AGGRESSIVE;
				CLANG_WARN_UNREACHABLE_CODE = YES;
				CLANG_WARN__DUPLICATE_METHOD_MATCH = YES;
				COPY_PHASE_STRIP = NO;
				DEBUG_INFORMATION_FORMAT = "dwarf-with-dsym";
				ENABLE_NS_ASSERTIONS = NO;
				ENABLE_STRICT_OBJC_MSGSEND = YES;
				GCC_C_LANGUAGE_STANDARD = gnu11;
				GCC_NO_COMMON_BLOCKS = YES;
				GCC_WARN_64_TO_32_BIT_CONVERSION = YES;
				GCC_WARN_ABOUT_RETURN_TYPE = YES_ERROR;
				GCC_WARN_UNDECLARED_SELECTOR = YES;
				GCC_WARN_UNINITIALIZED_AUTOS = YES_AGGRESSIVE;
				GCC_WARN_UNUSED_FUNCTION = YES;
				GCC_WARN_UNUSED_VARIABLE = YES;
				IPHONEOS_DEPLOYMENT_TARGET = 14.0;
				MTL_ENABLE_DEBUG_INFO = NO;
				MTL_FAST_MATH = YES;
				SDKROOT = iphoneos;
				SWIFT_COMPILATION_MODE = wholemodule;
				SWIFT_OPTIMIZATION_LEVEL = "-O";
				VALIDATE_PRODUCT = YES;
			};
			name = Release;
		};
		0F5D24CE2531206B000C86F4 /* Debug */ = {
			isa = XCBuildConfiguration;
			buildSettings = {
				ASSETCATALOG_COMPILER_APPICON_NAME = AppIcon;
				ASSETCATALOG_COMPILER_GLOBAL_ACCENT_COLOR_NAME = AccentColor;
				CODE_SIGN_STYLE = Automatic;
				INFOPLIST_FILE = usuario/Info.plist;
				LD_RUNPATH_SEARCH_PATHS = (
					"$(inherited)",
					"@executable_path/Frameworks",
				);
				PRODUCT_BUNDLE_IDENTIFIER = br.com.brunohorta.usuario;
				PRODUCT_NAME = "$(TARGET_NAME)";
				SWIFT_VERSION = 5.0;
				TARGETED_DEVICE_FAMILY = "1,2";
			};
			name = Debug;
		};
		0F5D24CF2531206B000C86F4 /* Release */ = {
			isa = XCBuildConfiguration;
			buildSettings = {
				ASSETCATALOG_COMPILER_APPICON_NAME = AppIcon;
				ASSETCATALOG_COMPILER_GLOBAL_ACCENT_COLOR_NAME = AccentColor;
				CODE_SIGN_STYLE = Automatic;
				INFOPLIST_FILE = usuario/Info.plist;
				LD_RUNPATH_SEARCH_PATHS = (
					"$(inherited)",
					"@executable_path/Frameworks",
				);
				PRODUCT_BUNDLE_IDENTIFIER = br.com.brunohorta.usuario;
				PRODUCT_NAME = "$(TARGET_NAME)";
				SWIFT_VERSION = 5.0;
				TARGETED_DEVICE_FAMILY = "1,2";
			};
			name = Release;
		};
/* End XCBuildConfiguration section */

/* Begin XCConfigurationList section */
		0F5D24B425312068000C86F4 /* Build configuration list for PBXProject "usuarioTeste" */ = {
			isa = XCConfigurationList;
			buildConfigurations = (
				0F5D24CB2531206B000C86F4 /* Debug */,
				0F5D24CC2531206B000C86F4 /* Release */,
			);
			defaultConfigurationIsVisible = 0;
			defaultConfigurationName = Release;
		};
		0F5D24CD2531206B000C86F4 /* Build configuration list for PBXNativeTarget "usuario" */ = {
			isa = XCConfigurationList;
			buildConfigurations = (
				0F5D24CE2531206B000C86F4 /* Debug */,
				0F5D24CF2531206B000C86F4 /* Release */,
			);
			defaultConfigurationIsVisible = 0;
			defaultConfigurationName = Release;
		};
/* End XCConfigurationList section */
	};
	rootObject = 0F5D24B125312068000C86F4 /* Project object */;
}
